// !$*UTF8*$!
{
	archiveVersion = 1;
	classes = {
	};
	objectVersion = 50;
	objects = {

/* Begin PBXBuildFile section */
		5A7FAAF9237420E800DA504A /* AppDelegate.swift in Sources */ = {isa = PBXBuildFile; fileRef = 5A7FAAF8237420E800DA504A /* AppDelegate.swift */; };
		5A7FAAFB237420E800DA504A /* ViewController.swift in Sources */ = {isa = PBXBuildFile; fileRef = 5A7FAAFA237420E800DA504A /* ViewController.swift */; };
		5A7FAAFE237420E800DA504A /* Main.storyboard in Resources */ = {isa = PBXBuildFile; fileRef = 5A7FAAFC237420E800DA504A /* Main.storyboard */; };
		5A7FAB00237420ED00DA504A /* Assets.xcassets in Resources */ = {isa = PBXBuildFile; fileRef = 5A7FAAFF237420ED00DA504A /* Assets.xcassets */; };
		5A7FAB03237420ED00DA504A /* LaunchScreen.storyboard in Resources */ = {isa = PBXBuildFile; fileRef = 5A7FAB01237420ED00DA504A /* LaunchScreen.storyboard */; };
		5AA82E9D237426F70019EB8B /* RepoInfoTableViewCell.swift in Sources */ = {isa = PBXBuildFile; fileRef = 5AA82E9C237426F70019EB8B /* RepoInfoTableViewCell.swift */; };
		5AA82E9F237427160019EB8B /* SecondScreenViewController.swift in Sources */ = {isa = PBXBuildFile; fileRef = 5AA82E9E237427160019EB8B /* SecondScreenViewController.swift */; };
		5AA82EA5237432690019EB8B /* FirstScreenDataSource.swift in Sources */ = {isa = PBXBuildFile; fileRef = 5AA82EA4237432690019EB8B /* FirstScreenDataSource.swift */; };
		5AA82EA7237432960019EB8B /* FirstScreenServiceManager.swift in Sources */ = {isa = PBXBuildFile; fileRef = 5AA82EA6237432960019EB8B /* FirstScreenServiceManager.swift */; };
		5AA82EA9237435990019EB8B /* SecondScreenServiceManager.swift in Sources */ = {isa = PBXBuildFile; fileRef = 5AA82EA8237435990019EB8B /* SecondScreenServiceManager.swift */; };
		5AA82EAB237435B70019EB8B /* SecondScreenDataSource.swift in Sources */ = {isa = PBXBuildFile; fileRef = 5AA82EAA237435B70019EB8B /* SecondScreenDataSource.swift */; };
		5ADBF388237421E400A1B2AC /* UserInfoTableViewCell.swift in Sources */ = {isa = PBXBuildFile; fileRef = 5ADBF386237421E400A1B2AC /* UserInfoTableViewCell.swift */; };
		5ADBF389237421E400A1B2AC /* FirstScreenViewController.swift in Sources */ = {isa = PBXBuildFile; fileRef = 5ADBF387237421E400A1B2AC /* FirstScreenViewController.swift */; };
/* End PBXBuildFile section */

/* Begin PBXFileReference section */
		5A7FAAF5237420E800DA504A /* GitHubUsersDemo.app */ = {isa = PBXFileReference; explicitFileType = wrapper.application; includeInIndex = 0; path = GitHubUsersDemo.app; sourceTree = BUILT_PRODUCTS_DIR; };
		5A7FAAF8237420E800DA504A /* AppDelegate.swift */ = {isa = PBXFileReference; lastKnownFileType = sourcecode.swift; path = AppDelegate.swift; sourceTree = "<group>"; };
		5A7FAAFA237420E800DA504A /* ViewController.swift */ = {isa = PBXFileReference; lastKnownFileType = sourcecode.swift; path = ViewController.swift; sourceTree = "<group>"; };
		5A7FAAFD237420E800DA504A /* Base */ = {isa = PBXFileReference; lastKnownFileType = file.storyboard; name = Base; path = Base.lproj/Main.storyboard; sourceTree = "<group>"; };
		5A7FAAFF237420ED00DA504A /* Assets.xcassets */ = {isa = PBXFileReference; lastKnownFileType = folder.assetcatalog; path = Assets.xcassets; sourceTree = "<group>"; };
		5A7FAB02237420ED00DA504A /* Base */ = {isa = PBXFileReference; lastKnownFileType = file.storyboard; name = Base; path = Base.lproj/LaunchScreen.storyboard; sourceTree = "<group>"; };
		5A7FAB04237420ED00DA504A /* Info.plist */ = {isa = PBXFileReference; lastKnownFileType = text.plist.xml; path = Info.plist; sourceTree = "<group>"; };
		5AA82E9C237426F70019EB8B /* RepoInfoTableViewCell.swift */ = {isa = PBXFileReference; lastKnownFileType = sourcecode.swift; path = RepoInfoTableViewCell.swift; sourceTree = "<group>"; };
		5AA82E9E237427160019EB8B /* SecondScreenViewController.swift */ = {isa = PBXFileReference; lastKnownFileType = sourcecode.swift; path = SecondScreenViewController.swift; sourceTree = "<group>"; };
		5AA82EA4237432690019EB8B /* FirstScreenDataSource.swift */ = {isa = PBXFileReference; lastKnownFileType = sourcecode.swift; path = FirstScreenDataSource.swift; sourceTree = "<group>"; };
		5AA82EA6237432960019EB8B /* FirstScreenServiceManager.swift */ = {isa = PBXFileReference; lastKnownFileType = sourcecode.swift; path = FirstScreenServiceManager.swift; sourceTree = "<group>"; };
		5AA82EA8237435990019EB8B /* SecondScreenServiceManager.swift */ = {isa = PBXFileReference; lastKnownFileType = sourcecode.swift; path = SecondScreenServiceManager.swift; sourceTree = "<group>"; };
		5AA82EAA237435B70019EB8B /* SecondScreenDataSource.swift */ = {isa = PBXFileReference; lastKnownFileType = sourcecode.swift; path = SecondScreenDataSource.swift; sourceTree = "<group>"; };
		5ADBF386237421E400A1B2AC /* UserInfoTableViewCell.swift */ = {isa = PBXFileReference; fileEncoding = 4; lastKnownFileType = sourcecode.swift; path = UserInfoTableViewCell.swift; sourceTree = "<group>"; };
		5ADBF387237421E400A1B2AC /* FirstScreenViewController.swift */ = {isa = PBXFileReference; fileEncoding = 4; lastKnownFileType = sourcecode.swift; path = FirstScreenViewController.swift; sourceTree = "<group>"; };
/* End PBXFileReference section */

/* Begin PBXFrameworksBuildPhase section */
		5A7FAAF2237420E800DA504A /* Frameworks */ = {
			isa = PBXFrameworksBuildPhase;
			buildActionMask = 2147483647;
			files = (
			);
			runOnlyForDeploymentPostprocessing = 0;
		};
/* End PBXFrameworksBuildPhase section */

/* Begin PBXGroup section */
		5A7FAAEC237420E800DA504A = {
			isa = PBXGroup;
			children = (
				5A7FAAF7237420E800DA504A /* GitHubUsersDemo */,
				5A7FAAF6237420E800DA504A /* Products */,
			);
			sourceTree = "<group>";
		};
		5A7FAAF6237420E800DA504A /* Products */ = {
			isa = PBXGroup;
			children = (
				5A7FAAF5237420E800DA504A /* GitHubUsersDemo.app */,
			);
			name = Products;
			sourceTree = "<group>";
		};
		5A7FAAF7237420E800DA504A /* GitHubUsersDemo */ = {
			isa = PBXGroup;
			children = (
				5A7FAAF8237420E800DA504A /* AppDelegate.swift */,
				5A7FAAFA237420E800DA504A /* ViewController.swift */,
				5A7FAAFC237420E800DA504A /* Main.storyboard */,
				5A7FAAFF237420ED00DA504A /* Assets.xcassets */,
				5A7FAB01237420ED00DA504A /* LaunchScreen.storyboard */,
				5A7FAB04237420ED00DA504A /* Info.plist */,
				5AA82E97237426C10019EB8B /* SecondScreen */,
				5ADBF385237421E400A1B2AC /* FirstScreen */,
			);
			path = GitHubUsersDemo;
			sourceTree = "<group>";
		};
		5AA82E97237426C10019EB8B /* SecondScreen */ = {
			isa = PBXGroup;
			children = (
				5AA82EA3237431B10019EB8B /* UI */,
				5AA82EA2237431A50019EB8B /* Services */,
			);
			path = SecondScreen;
			sourceTree = "<group>";
		};
		5AA82EA0237431740019EB8B /* UI */ = {
			isa = PBXGroup;
			children = (
				5ADBF386237421E400A1B2AC /* UserInfoTableViewCell.swift */,
				5ADBF387237421E400A1B2AC /* FirstScreenViewController.swift */,
			);
			path = UI;
			sourceTree = "<group>";
		};
		5AA82EA12374317E0019EB8B /* Services */ = {
			isa = PBXGroup;
			children = (
				5AA82EA4237432690019EB8B /* FirstScreenDataSource.swift */,
				5AA82EA6237432960019EB8B /* FirstScreenServiceManager.swift */,
			);
			path = Services;
			sourceTree = "<group>";
		};
		5AA82EA2237431A50019EB8B /* Services */ = {
			isa = PBXGroup;
			children = (
				5AA82EA8237435990019EB8B /* SecondScreenServiceManager.swift */,
				5AA82EAA237435B70019EB8B /* SecondScreenDataSource.swift */,
			);
			path = Services;
			sourceTree = "<group>";
		};
		5AA82EA3237431B10019EB8B /* UI */ = {
			isa = PBXGroup;
			children = (
				5AA82E9C237426F70019EB8B /* RepoInfoTableViewCell.swift */,
				5AA82E9E237427160019EB8B /* SecondScreenViewController.swift */,
			);
			path = UI;
			sourceTree = "<group>";
		};
		5ADBF385237421E400A1B2AC /* FirstScreen */ = {
			isa = PBXGroup;
			children = (
				5AA82EA12374317E0019EB8B /* Services */,
				5AA82EA0237431740019EB8B /* UI */,
			);
			path = FirstScreen;
			sourceTree = "<group>";
		};
/* End PBXGroup section */

/* Begin PBXNativeTarget section */
		5A7FAAF4237420E800DA504A /* GitHubUsersDemo */ = {
			isa = PBXNativeTarget;
			buildConfigurationList = 5A7FAB07237420ED00DA504A /* Build configuration list for PBXNativeTarget "GitHubUsersDemo" */;
			buildPhases = (
				5A7FAAF1237420E800DA504A /* Sources */,
				5A7FAAF2237420E800DA504A /* Frameworks */,
				5A7FAAF3237420E800DA504A /* Resources */,
			);
			buildRules = (
			);
			dependencies = (
			);
			name = GitHubUsersDemo;
			productName = GitHubUsersDemo1;
			productReference = 5A7FAAF5237420E800DA504A /* GitHubUsersDemo.app */;
			productType = "com.apple.product-type.application";
		};
/* End PBXNativeTarget section */

/* Begin PBXProject section */
		5A7FAAED237420E800DA504A /* Project object */ = {
			isa = PBXProject;
			attributes = {
				LastSwiftUpdateCheck = 1020;
				LastUpgradeCheck = 1020;
				ORGANIZATIONNAME = "Oj Shrivastava";
				TargetAttributes = {
					5A7FAAF4237420E800DA504A = {
						CreatedOnToolsVersion = 10.2.1;
					};
				};
			};
			buildConfigurationList = 5A7FAAF0237420E800DA504A /* Build configuration list for PBXProject "GitHubUsersDemo" */;
			compatibilityVersion = "Xcode 9.3";
			developmentRegion = en;
			hasScannedForEncodings = 0;
			knownRegions = (
				en,
				Base,
			);
			mainGroup = 5A7FAAEC237420E800DA504A;
			productRefGroup = 5A7FAAF6237420E800DA504A /* Products */;
			projectDirPath = "";
			projectRoot = "";
			targets = (
				5A7FAAF4237420E800DA504A /* GitHubUsersDemo */,
			);
		};
/* End PBXProject section */

/* Begin PBXResourcesBuildPhase section */
		5A7FAAF3237420E800DA504A /* Resources */ = {
			isa = PBXResourcesBuildPhase;
			buildActionMask = 2147483647;
			files = (
				5A7FAB03237420ED00DA504A /* LaunchScreen.storyboard in Resources */,
				5A7FAB00237420ED00DA504A /* Assets.xcassets in Resources */,
				5A7FAAFE237420E800DA504A /* Main.storyboard in Resources */,
			);
			runOnlyForDeploymentPostprocessing = 0;
		};
/* End PBXResourcesBuildPhase section */

/* Begin PBXSourcesBuildPhase section */
		5A7FAAF1237420E800DA504A /* Sources */ = {
			isa = PBXSourcesBuildPhase;
			buildActionMask = 2147483647;
			files = (
				5AA82E9F237427160019EB8B /* SecondScreenViewController.swift in Sources */,
				5AA82E9D237426F70019EB8B /* RepoInfoTableViewCell.swift in Sources */,
				5AA82EA9237435990019EB8B /* SecondScreenServiceManager.swift in Sources */,
				5ADBF388237421E400A1B2AC /* UserInfoTableViewCell.swift in Sources */,
				5ADBF389237421E400A1B2AC /* FirstScreenViewController.swift in Sources */,
				5A7FAAFB237420E800DA504A /* ViewController.swift in Sources */,
				5AA82EAB237435B70019EB8B /* SecondScreenDataSource.swift in Sources */,
				5A7FAAF9237420E800DA504A /* AppDelegate.swift in Sources */,
				5AA82EA7237432960019EB8B /* FirstScreenServiceManager.swift in Sources */,
				5AA82EA5237432690019EB8B /* FirstScreenDataSource.swift in Sources */,
			);
			runOnlyForDeploymentPostprocessing = 0;
		};
/* End PBXSourcesBuildPhase section */

/* Begin PBXVariantGroup section */
		5A7FAAFC237420E800DA504A /* Main.storyboard */ = {
			isa = PBXVariantGroup;
			children = (
				5A7FAAFD237420E800DA504A /* Base */,
			);
			name = Main.storyboard;
			sourceTree = "<group>";
		};
		5A7FAB01237420ED00DA504A /* LaunchScreen.storyboard */ = {
			isa = PBXVariantGroup;
			children = (
				5A7FAB02237420ED00DA504A /* Base */,
			);
			name = LaunchScreen.storyboard;
			sourceTree = "<group>";
		};
/* End PBXVariantGroup section */

/* Begin XCBuildConfiguration section */
		5A7FAB05237420ED00DA504A /* Debug */ = {
			isa = XCBuildConfiguration;
			buildSettings = {
				ALWAYS_SEARCH_USER_PATHS = NO;
				CLANG_ANALYZER_NONNULL = YES;
				CLANG_ANALYZER_NUMBER_OBJECT_CONVERSION = YES_AGGRESSIVE;
				CLANG_CXX_LANGUAGE_STANDARD = "gnu++14";
				CLANG_CXX_LIBRARY = "libc++";
				CLANG_ENABLE_MODULES = YES;
				CLANG_ENABLE_OBJC_ARC = YES;
				CLANG_ENABLE_OBJC_WEAK = YES;
				CLANG_WARN_BLOCK_CAPTURE_AUTORELEASING = YES;
				CLANG_WARN_BOOL_CONVERSION = YES;
				CLANG_WARN_COMMA = YES;
				CLANG_WARN_CONSTANT_CONVERSION = YES;
				CLANG_WARN_DEPRECATED_OBJC_IMPLEMENTATIONS = YES;
				CLANG_WARN_DIRECT_OBJC_ISA_USAGE = YES_ERROR;
				CLANG_WARN_DOCUMENTATION_COMMENTS = YES;
				CLANG_WARN_EMPTY_BODY = YES;
				CLANG_WARN_ENUM_CONVERSION = YES;
				CLANG_WARN_INFINITE_RECURSION = YES;
				CLANG_WARN_INT_CONVERSION = YES;
				CLANG_WARN_NON_LITERAL_NULL_CONVERSION = YES;
				CLANG_WARN_OBJC_IMPLICIT_RETAIN_SELF = YES;
				CLANG_WARN_OBJC_LITERAL_CONVERSION = YES;
				CLANG_WARN_OBJC_ROOT_CLASS = YES_ERROR;
				CLANG_WARN_RANGE_LOOP_ANALYSIS = YES;
				CLANG_WARN_STRICT_PROTOTYPES = YES;
				CLANG_WARN_SUSPICIOUS_MOVE = YES;
				CLANG_WARN_UNGUARDED_AVAILABILITY = YES_AGGRESSIVE;
				CLANG_WARN_UNREACHABLE_CODE = YES;
				CLANG_WARN__DUPLICATE_METHOD_MATCH = YES;
				CODE_SIGN_IDENTITY = "iPhone Developer";
				COPY_PHASE_STRIP = NO;
				DEBUG_INFORMATION_FORMAT = dwarf;
				ENABLE_STRICT_OBJC_MSGSEND = YES;
				ENABLE_TESTABILITY = YES;
				GCC_C_LANGUAGE_STANDARD = gnu11;
				GCC_DYNAMIC_NO_PIC = NO;
				GCC_NO_COMMON_BLOCKS = YES;
				GCC_OPTIMIZATION_LEVEL = 0;
				GCC_PREPROCESSOR_DEFINITIONS = (
					"DEBUG=1",
					"$(inherited)",
				);
				GCC_WARN_64_TO_32_BIT_CONVERSION = YES;
				GCC_WARN_ABOUT_RETURN_TYPE = YES_ERROR;
				GCC_WARN_UNDECLARED_SELECTOR = YES;
				GCC_WARN_UNINITIALIZED_AUTOS = YES_AGGRESSIVE;
				GCC_WARN_UNUSED_FUNCTION = YES;
				GCC_WARN_UNUSED_VARIABLE = YES;
				IPHONEOS_DEPLOYMENT_TARGET = 12.2;
				MTL_ENABLE_DEBUG_INFO = INCLUDE_SOURCE;
				MTL_FAST_MATH = YES;
				ONLY_ACTIVE_ARCH = YES;
				SDKROOT = iphoneos;
				SWIFT_ACTIVE_COMPILATION_CONDITIONS = DEBUG;
				SWIFT_OPTIMIZATION_LEVEL = "-Onone";
			};
			name = Debug;
		};
		5A7FAB06237420ED00DA504A /* Release */ = {
			isa = XCBuildConfiguration;
			buildSettings = {
				ALWAYS_SEARCH_USER_PATHS = NO;
				CLANG_ANALYZER_NONNULL = YES;
				CLANG_ANALYZER_NUMBER_OBJECT_CONVERSION = YES_AGGRESSIVE;
				CLANG_CXX_LANGUAGE_STANDARD = "gnu++14";
				CLANG_CXX_LIBRARY = "libc++";
				CLANG_ENABLE_MODULES = YES;
				CLANG_ENABLE_OBJC_ARC = YES;
				CLANG_ENABLE_OBJC_WEAK = YES;
				CLANG_WARN_BLOCK_CAPTURE_AUTORELEASING = YES;
				CLANG_WARN_BOOL_CONVERSION = YES;
				CLANG_WARN_COMMA = YES;
				CLANG_WARN_CONSTANT_CONVERSION = YES;
				CLANG_WARN_DEPRECATED_OBJC_IMPLEMENTATIONS = YES;
				CLANG_WARN_DIRECT_OBJC_ISA_USAGE = YES_ERROR;
				CLANG_WARN_DOCUMENTATION_COMMENTS = YES;
				CLANG_WARN_EMPTY_BODY = YES;
				CLANG_WARN_ENUM_CONVERSION = YES;
				CLANG_WARN_INFINITE_RECURSION = YES;
				CLANG_WARN_INT_CONVERSION = YES;
				CLANG_WARN_NON_LITERAL_NULL_CONVERSION = YES;
				CLANG_WARN_OBJC_IMPLICIT_RETAIN_SELF = YES;
				CLANG_WARN_OBJC_LITERAL_CONVERSION = YES;
				CLANG_WARN_OBJC_ROOT_CLASS = YES_ERROR;
				CLANG_WARN_RANGE_LOOP_ANALYSIS = YES;
				CLANG_WARN_STRICT_PROTOTYPES = YES;
				CLANG_WARN_SUSPICIOUS_MOVE = YES;
				CLANG_WARN_UNGUARDED_AVAILABILITY = YES_AGGRESSIVE;
				CLANG_WARN_UNREACHABLE_CODE = YES;
				CLANG_WARN__DUPLICATE_METHOD_MATCH = YES;
				CODE_SIGN_IDENTITY = "iPhone Developer";
				COPY_PHASE_STRIP = NO;
				DEBUG_INFORMATION_FORMAT = "dwarf-with-dsym";
				ENABLE_NS_ASSERTIONS = NO;
				ENABLE_STRICT_OBJC_MSGSEND = YES;
				GCC_C_LANGUAGE_STANDARD = gnu11;
				GCC_NO_COMMON_BLOCKS = YES;
				GCC_WARN_64_TO_32_BIT_CONVERSION = YES;
				GCC_WARN_ABOUT_RETURN_TYPE = YES_ERROR;
				GCC_WARN_UNDECLARED_SELECTOR = YES;
				GCC_WARN_UNINITIALIZED_AUTOS = YES_AGGRESSIVE;
				GCC_WARN_UNUSED_FUNCTION = YES;
				GCC_WARN_UNUSED_VARIABLE = YES;
				IPHONEOS_DEPLOYMENT_TARGET = 12.2;
				MTL_ENABLE_DEBUG_INFO = NO;
				MTL_FAST_MATH = YES;
				SDKROOT = iphoneos;
				SWIFT_COMPILATION_MODE = wholemodule;
				SWIFT_OPTIMIZATION_LEVEL = "-O";
				VALIDATE_PRODUCT = YES;
			};
			name = Release;
		};
		5A7FAB08237420ED00DA504A /* Debug */ = {
			isa = XCBuildConfiguration;
			buildSettings = {
				ASSETCATALOG_COMPILER_APPICON_NAME = AppIcon;
				CODE_SIGN_STYLE = Automatic;
				DEVELOPMENT_TEAM = 696XHV99WP;
				INFOPLIST_FILE = "$(SRCROOT)/GitHubUsersDemo/Info.plist";
				LD_RUNPATH_SEARCH_PATHS = (
					"$(inherited)",
					"@executable_path/Frameworks",
				);
				PRODUCT_BUNDLE_IDENTIFIER = com.shrivastava.oj.GitHubUsersDemo1;
				PRODUCT_NAME = "$(TARGET_NAME)";
				SWIFT_VERSION = 5.0;
				TARGETED_DEVICE_FAMILY = "1,2";
			};
			name = Debug;
		};
		5A7FAB09237420ED00DA504A /* Release */ = {
			isa = XCBuildConfiguration;
			buildSettings = {
				ASSETCATALOG_COMPILER_APPICON_NAME = AppIcon;
				CODE_SIGN_STYLE = Automatic;
				DEVELOPMENT_TEAM = 696XHV99WP;
				INFOPLIST_FILE = "$(SRCROOT)/GitHubUsersDemo/Info.plist";
				LD_RUNPATH_SEARCH_PATHS = (
					"$(inherited)",
					"@executable_path/Frameworks",
				);
				PRODUCT_BUNDLE_IDENTIFIER = com.shrivastava.oj.GitHubUsersDemo1;
				PRODUCT_NAME = "$(TARGET_NAME)";
				SWIFT_VERSION = 5.0;
				TARGETED_DEVICE_FAMILY = "1,2";
			};
			name = Release;
		};
/* End XCBuildConfiguration section */

/* Begin XCConfigurationList section */
		5A7FAAF0237420E800DA504A /* Build configuration list for PBXProject "GitHubUsersDemo" */ = {
			isa = XCConfigurationList;
			buildConfigurations = (
				5A7FAB05237420ED00DA504A /* Debug */,
				5A7FAB06237420ED00DA504A /* Release */,
			);
			defaultConfigurationIsVisible = 0;
			defaultConfigurationName = Release;
		};
		5A7FAB07237420ED00DA504A /* Build configuration list for PBXNativeTarget "GitHubUsersDemo" */ = {
			isa = XCConfigurationList;
			buildConfigurations = (
				5A7FAB08237420ED00DA504A /* Debug */,
				5A7FAB09237420ED00DA504A /* Release */,
			);
			defaultConfigurationIsVisible = 0;
			defaultConfigurationName = Release;
		};
/* End XCConfigurationList section */
	};
	rootObject = 5A7FAAED237420E800DA504A /* Project object */;
}
